
Microsoft Visual Studio Solution File, Format Version 12.00
# Visual Studio Version 17
VisualStudioVersion = 17.4.33213.308
MinimumVisualStudioVersion = 10.0.40219.1
Project("{FAE04EC0-301F-11D3-BF4B-00C04F79EFBC}") = "Artsofte.WEB", "Artsofte.WEB\Artsofte.WEB.csproj", "{8DF053F9-9735-4632-88A3-2F7CC30F886E}"
EndProject
Project("{FAE04EC0-301F-11D3-BF4B-00C04F79EFBC}") = "Artsofte.DAL", "Artsofte.DAL\Artsofte.DAL.csproj", "{F39E549D-4663-4422-9DAE-D485E7D71E4A}"
EndProject
Project("{FAE04EC0-301F-11D3-BF4B-00C04F79EFBC}") = "Artsofte.BLL", "Artsofte.BLL\Artsofte.BLL.csproj", "{229B7046-95E2-469D-BCE9-0D3F6824E74F}"
EndProject
Global
	GlobalSection(SolutionConfigurationPlatforms) = preSolution
		Debug|Any CPU = Debug|Any CPU
		Release|Any CPU = Release|Any CPU
	EndGlobalSection
	GlobalSection(ProjectConfigurationPlatforms) = postSolution
		{8DF053F9-9735-4632-88A3-2F7CC30F886E}.Debug|Any CPU.ActiveCfg = Debug|Any CPU
		{8DF053F9-9735-4632-88A3-2F7CC30F886E}.Debug|Any CPU.Build.0 = Debug|Any CPU
		{8DF053F9-9735-4632-88A3-2F7CC30F886E}.Release|Any CPU.ActiveCfg = Release|Any CPU
		{8DF053F9-9735-4632-88A3-2F7CC30F886E}.Release|Any CPU.Build.0 = Release|Any CPU
		{F39E549D-4663-4422-9DAE-D485E7D71E4A}.Debug|Any CPU.ActiveCfg = Debug|Any CPU
		{F39E549D-4663-4422-9DAE-D485E7D71E4A}.Debug|Any CPU.Build.0 = Debug|Any CPU
		{F39E549D-4663-4422-9DAE-D485E7D71E4A}.Release|Any CPU.ActiveCfg = Release|Any CPU
		{F39E549D-4663-4422-9DAE-D485E7D71E4A}.Release|Any CPU.Build.0 = Release|Any CPU
		{229B7046-95E2-469D-BCE9-0D3F6824E74F}.Debug|Any CPU.ActiveCfg = Debug|Any CPU
		{229B7046-95E2-469D-BCE9-0D3F6824E74F}.Debug|Any CPU.Build.0 = Debug|Any CPU
		{229B7046-95E2-469D-BCE9-0D3F6824E74F}.Release|Any CPU.ActiveCfg = Release|Any CPU
		{229B7046-95E2-469D-BCE9-0D3F6824E74F}.Release|Any CPU.Build.0 = Release|Any CPU
	EndGlobalSection
	GlobalSection(SolutionProperties) = preSolution
		HideSolutionNode = FALSE
	EndGlobalSection
	GlobalSection(ExtensibilityGlobals) = postSolution
		SolutionGuid = {112D98CE-B4E1-45C5-BDA6-345BB2A588DE}
	EndGlobalSection
EndGlobal
